
Microsoft Visual Studio Solution File, Format Version 12.00
# Visual Studio Version 17
VisualStudioVersion = 17.6.33723.286
MinimumVisualStudioVersion = 10.0.40219.1
Project("{FAE04EC0-301F-11D3-BF4B-00C04F79EFBC}") = "Winform-Catalogo", "Winform-Catalogo\Winform-Catalogo.csproj", "{6F5CBFB3-3094-4CE4-B156-D3CF8CECB07A}"
EndProject
Project("{FAE04EC0-301F-11D3-BF4B-00C04F79EFBC}") = "dominio", "dominio\dominio.csproj", "{856F0EEA-0D85-4380-8A6E-1E55FFE9138A}"
EndProject
Project("{FAE04EC0-301F-11D3-BF4B-00C04F79EFBC}") = "negocio", "negocio\negocio.csproj", "{3EBD35A2-6C34-4A32-87D9-7901630C8A56}"
EndProject
Global
	GlobalSection(SolutionConfigurationPlatforms) = preSolution
		Debug|Any CPU = Debug|Any CPU
		Release|Any CPU = Release|Any CPU
	EndGlobalSection
	GlobalSection(ProjectConfigurationPlatforms) = postSolution
		{6F5CBFB3-3094-4CE4-B156-D3CF8CECB07A}.Debug|Any CPU.ActiveCfg = Debug|Any CPU
		{6F5CBFB3-3094-4CE4-B156-D3CF8CECB07A}.Debug|Any CPU.Build.0 = Debug|Any CPU
		{6F5CBFB3-3094-4CE4-B156-D3CF8CECB07A}.Release|Any CPU.ActiveCfg = Release|Any CPU
		{6F5CBFB3-3094-4CE4-B156-D3CF8CECB07A}.Release|Any CPU.Build.0 = Release|Any CPU
		{856F0EEA-0D85-4380-8A6E-1E55FFE9138A}.Debug|Any CPU.ActiveCfg = Debug|Any CPU
		{856F0EEA-0D85-4380-8A6E-1E55FFE9138A}.Debug|Any CPU.Build.0 = Debug|Any CPU
		{856F0EEA-0D85-4380-8A6E-1E55FFE9138A}.Release|Any CPU.ActiveCfg = Release|Any CPU
		{856F0EEA-0D85-4380-8A6E-1E55FFE9138A}.Release|Any CPU.Build.0 = Release|Any CPU
		{3EBD35A2-6C34-4A32-87D9-7901630C8A56}.Debug|Any CPU.ActiveCfg = Debug|Any CPU
		{3EBD35A2-6C34-4A32-87D9-7901630C8A56}.Debug|Any CPU.Build.0 = Debug|Any CPU
		{3EBD35A2-6C34-4A32-87D9-7901630C8A56}.Release|Any CPU.ActiveCfg = Release|Any CPU
		{3EBD35A2-6C34-4A32-87D9-7901630C8A56}.Release|Any CPU.Build.0 = Release|Any CPU
	EndGlobalSection
	GlobalSection(SolutionProperties) = preSolution
		HideSolutionNode = FALSE
	EndGlobalSection
	GlobalSection(ExtensibilityGlobals) = postSolution
		SolutionGuid = {91FBCC34-B57A-426B-AAA7-0AF116D380EF}
	EndGlobalSection
EndGlobal
